// !$*UTF8*$!
{
	archiveVersion = 1;
	classes = {
	};
	objectVersion = 50;
	objects = {

/* Begin PBXBuildFile section */
		8EB08B622670C6E9004372AC /* AppDelegate.swift in Sources */ = {isa = PBXBuildFile; fileRef = 8EB08B612670C6E9004372AC /* AppDelegate.swift */; };
		8EB08B642670C6E9004372AC /* SceneDelegate.swift in Sources */ = {isa = PBXBuildFile; fileRef = 8EB08B632670C6E9004372AC /* SceneDelegate.swift */; };
		8EB08B662670C6E9004372AC /* ViewController.swift in Sources */ = {isa = PBXBuildFile; fileRef = 8EB08B652670C6E9004372AC /* ViewController.swift */; };
		8EB08B692670C6E9004372AC /* Main.storyboard in Resources */ = {isa = PBXBuildFile; fileRef = 8EB08B672670C6E9004372AC /* Main.storyboard */; };
		8EB08B6C2670C6E9004372AC /* summit_hikers.xcdatamodeld in Sources */ = {isa = PBXBuildFile; fileRef = 8EB08B6A2670C6E9004372AC /* summit_hikers.xcdatamodeld */; };
		8EB08B6E2670C6EB004372AC /* Assets.xcassets in Resources */ = {isa = PBXBuildFile; fileRef = 8EB08B6D2670C6EB004372AC /* Assets.xcassets */; };
		8EB08B712670C6EB004372AC /* LaunchScreen.storyboard in Resources */ = {isa = PBXBuildFile; fileRef = 8EB08B6F2670C6EB004372AC /* LaunchScreen.storyboard */; };

/* End PBXBuildFile section */

/* Begin PBXFileReference section */
		8EB08B5E2670C6E9004372AC /* summit-hikers.app */ = {isa = PBXFileReference; explicitFileType = wrapper.application; includeInIndex = 0; path = "summit-hikers.app"; sourceTree = BUILT_PRODUCTS_DIR; };
		8EB08B612670C6E9004372AC /* AppDelegate.swift */ = {isa = PBXFileReference; lastKnownFileType = sourcecode.swift; path = AppDelegate.swift; sourceTree = "<group>"; };
		8EB08B632670C6E9004372AC /* SceneDelegate.swift */ = {isa = PBXFileReference; lastKnownFileType = sourcecode.swift; path = SceneDelegate.swift; sourceTree = "<group>"; };
		8EB08B652670C6E9004372AC /* ViewController.swift */ = {isa = PBXFileReference; lastKnownFileType = sourcecode.swift; path = ViewController.swift; sourceTree = "<group>"; };
		8EB08B682670C6E9004372AC /* Base */ = {isa = PBXFileReference; lastKnownFileType = file.storyboard; name = Base; path = Base.lproj/Main.storyboard; sourceTree = "<group>"; };
		8EB08B6B2670C6E9004372AC /* summit_hikers.xcdatamodel */ = {isa = PBXFileReference; lastKnownFileType = wrapper.xcdatamodel; path = summit_hikers.xcdatamodel; sourceTree = "<group>"; };
		8EB08B6D2670C6EB004372AC /* Assets.xcassets */ = {isa = PBXFileReference; lastKnownFileType = folder.assetcatalog; path = Assets.xcassets; sourceTree = "<group>"; };
		8EB08B702670C6EB004372AC /* Base */ = {isa = PBXFileReference; lastKnownFileType = file.storyboard; name = Base; path = Base.lproj/LaunchScreen.storyboard; sourceTree = "<group>"; };
		8EB08B722670C6EB004372AC /* Info.plist */ = {isa = PBXFileReference; lastKnownFileType = text.plist.xml; path = Info.plist; sourceTree = "<group>"; };

/* End PBXFileReference section */

/* Begin PBXFrameworksBuildPhase section */
		8EB08B5B2670C6E9004372AC /* Frameworks */ = {
			isa = PBXFrameworksBuildPhase;
			buildActionMask = 2147483647;
			files = (
			);
			runOnlyForDeploymentPostprocessing = 0;
		};
/* End PBXFrameworksBuildPhase section */

/* Begin PBXGroup section */
		8EB08B552670C6E9004372AC = {
			isa = PBXGroup;
			children = (
				9DA8F67B2670CA6400FC76EE /* Cockpit */,
				8EB08B602670C6E9004372AC /* summit-hikers */,
				8EB08B5F2670C6E9004372AC /* Products */,
			);
			sourceTree = "<group>";
		};
		8EB08B5F2670C6E9004372AC /* Products */ = {
			isa = PBXGroup;
			children = (
				8EB08B5E2670C6E9004372AC /* summit-hikers.app */,
			);
			name = Products;
			sourceTree = "<group>";
		};
		8EB08B602670C6E9004372AC /* summit-hikers */ = {
			isa = PBXGroup;
			children = (
				8EB08B792670CA5F004372AC /* Control */,
				8EB08B782670CA35004372AC /* Engine */,
				8EB08B612670C6E9004372AC /* AppDelegate.swift */,
				8EB08B632670C6E9004372AC /* SceneDelegate.swift */,
				8EB08B652670C6E9004372AC /* ViewController.swift */,
				8EB08B672670C6E9004372AC /* Main.storyboard */,
				8EB08B6D2670C6EB004372AC /* Assets.xcassets */,
				8EB08B6F2670C6EB004372AC /* LaunchScreen.storyboard */,
				8EB08B722670C6EB004372AC /* Info.plist */,
				8EB08B6A2670C6E9004372AC /* summit_hikers.xcdatamodeld */,
			);
			path = "summit-hikers";
			sourceTree = "<group>";
		};

			sourceTree = "<group>";
		};
/* End PBXGroup section */

/* Begin PBXNativeTarget section */
		8EB08B5D2670C6E9004372AC /* summit-hikers */ = {
			isa = PBXNativeTarget;
			buildConfigurationList = 8EB08B752670C6EB004372AC /* Build configuration list for PBXNativeTarget "summit-hikers" */;
			buildPhases = (
				8EB08B5A2670C6E9004372AC /* Sources */,
				8EB08B5B2670C6E9004372AC /* Frameworks */,
				8EB08B5C2670C6E9004372AC /* Resources */,
			);
			buildRules = (
			);
			dependencies = (
			);
			name = "summit-hikers";
			productName = "summit-hikers";
			productReference = 8EB08B5E2670C6E9004372AC /* summit-hikers.app */;
			productType = "com.apple.product-type.application";
		};
/* End PBXNativeTarget section */

/* Begin PBXProject section */
		8EB08B562670C6E9004372AC /* Project object */ = {
			isa = PBXProject;
			attributes = {
				LastSwiftUpdateCheck = 1250;
				LastUpgradeCheck = 1250;
				TargetAttributes = {
					8EB08B5D2670C6E9004372AC = {
						CreatedOnToolsVersion = 12.5;
					};
				};
			};
			buildConfigurationList = 8EB08B592670C6E9004372AC /* Build configuration list for PBXProject "summit-hikers" */;
			compatibilityVersion = "Xcode 9.3";
			developmentRegion = en;
			hasScannedForEncodings = 0;
			knownRegions = (
				en,
				Base,
			);
			mainGroup = 8EB08B552670C6E9004372AC;
			productRefGroup = 8EB08B5F2670C6E9004372AC /* Products */;
			projectDirPath = "";
			projectRoot = "";
			targets = (
				8EB08B5D2670C6E9004372AC /* summit-hikers */,
			);
		};
/* End PBXProject section */

/* Begin PBXResourcesBuildPhase section */
		8EB08B5C2670C6E9004372AC /* Resources */ = {
			isa = PBXResourcesBuildPhase;
			buildActionMask = 2147483647;
			files = (
				8EB08B712670C6EB004372AC /* LaunchScreen.storyboard in Resources */,
				8EB08B822670CAED004372AC /* Engine.storyboard in Resources */,
				8EB08B6E2670C6EB004372AC /* Assets.xcassets in Resources */,
				9DA8F67F2670CA8B00FC76EE /* Cockpit.storyboard in Resources */,
				8EB08B692670C6E9004372AC /* Main.storyboard in Resources */,
				8EB08B7B2670CA7A004372AC /* Main.storyboard in Resources */,
			);
			runOnlyForDeploymentPostprocessing = 0;
		};
/* End PBXResourcesBuildPhase section */

/* Begin PBXSourcesBuildPhase section */
		8EB08B5A2670C6E9004372AC /* Sources */ = {
			isa = PBXSourcesBuildPhase;
			buildActionMask = 2147483647;
			files = (
				8EB08B7D2670CA9C004372AC /* ViewController.swift in Sources */,
				8EB08B662670C6E9004372AC /* ViewController.swift in Sources */,
				8EB08B832670CAED004372AC /* EngineViewController.swift in Sources */,
				8EB08B622670C6E9004372AC /* AppDelegate.swift in Sources */,
				8EB08B6C2670C6E9004372AC /* summit_hikers.xcdatamodeld in Sources */,
				9DA8F67E2670CA8B00FC76EE /* CockpitViewController.swift in Sources */,
				8EB08B642670C6E9004372AC /* SceneDelegate.swift in Sources */,
			);
			runOnlyForDeploymentPostprocessing = 0;
		};
/* End PBXSourcesBuildPhase section */

/* Begin PBXVariantGroup section */
		8EB08B672670C6E9004372AC /* Main.storyboard */ = {
			isa = PBXVariantGroup;
			children = (
				8EB08B682670C6E9004372AC /* Base */,
			);
			name = Main.storyboard;
			sourceTree = "<group>";
		};
		8EB08B6F2670C6EB004372AC /* LaunchScreen.storyboard */ = {
			isa = PBXVariantGroup;
			children = (
				8EB08B702670C6EB004372AC /* Base */,
			);
			name = LaunchScreen.storyboard;
			sourceTree = "<group>";
		};
/* End PBXVariantGroup section */

/* Begin XCBuildConfiguration section */
		8EB08B732670C6EB004372AC /* Debug */ = {
			isa = XCBuildConfiguration;
			buildSettings = {
				ALWAYS_SEARCH_USER_PATHS = NO;
				CLANG_ANALYZER_NONNULL = YES;
				CLANG_ANALYZER_NUMBER_OBJECT_CONVERSION = YES_AGGRESSIVE;
				CLANG_CXX_LANGUAGE_STANDARD = "gnu++14";
				CLANG_CXX_LIBRARY = "libc++";
				CLANG_ENABLE_MODULES = YES;
				CLANG_ENABLE_OBJC_ARC = YES;
				CLANG_ENABLE_OBJC_WEAK = YES;
				CLANG_WARN_BLOCK_CAPTURE_AUTORELEASING = YES;
				CLANG_WARN_BOOL_CONVERSION = YES;
				CLANG_WARN_COMMA = YES;
				CLANG_WARN_CONSTANT_CONVERSION = YES;
				CLANG_WARN_DEPRECATED_OBJC_IMPLEMENTATIONS = YES;
				CLANG_WARN_DIRECT_OBJC_ISA_USAGE = YES_ERROR;
				CLANG_WARN_DOCUMENTATION_COMMENTS = YES;
				CLANG_WARN_EMPTY_BODY = YES;
				CLANG_WARN_ENUM_CONVERSION = YES;
				CLANG_WARN_INFINITE_RECURSION = YES;
				CLANG_WARN_INT_CONVERSION = YES;
				CLANG_WARN_NON_LITERAL_NULL_CONVERSION = YES;
				CLANG_WARN_OBJC_IMPLICIT_RETAIN_SELF = YES;
				CLANG_WARN_OBJC_LITERAL_CONVERSION = YES;
				CLANG_WARN_OBJC_ROOT_CLASS = YES_ERROR;
				CLANG_WARN_QUOTED_INCLUDE_IN_FRAMEWORK_HEADER = YES;
				CLANG_WARN_RANGE_LOOP_ANALYSIS = YES;
				CLANG_WARN_STRICT_PROTOTYPES = YES;
				CLANG_WARN_SUSPICIOUS_MOVE = YES;
				CLANG_WARN_UNGUARDED_AVAILABILITY = YES_AGGRESSIVE;
				CLANG_WARN_UNREACHABLE_CODE = YES;
				CLANG_WARN__DUPLICATE_METHOD_MATCH = YES;
				COPY_PHASE_STRIP = NO;
				DEBUG_INFORMATION_FORMAT = dwarf;
				ENABLE_STRICT_OBJC_MSGSEND = YES;
				ENABLE_TESTABILITY = YES;
				GCC_C_LANGUAGE_STANDARD = gnu11;
				GCC_DYNAMIC_NO_PIC = NO;
				GCC_NO_COMMON_BLOCKS = YES;
				GCC_OPTIMIZATION_LEVEL = 0;
				GCC_PREPROCESSOR_DEFINITIONS = (
					"DEBUG=1",
					"$(inherited)",
				);
				GCC_WARN_64_TO_32_BIT_CONVERSION = YES;
				GCC_WARN_ABOUT_RETURN_TYPE = YES_ERROR;
				GCC_WARN_UNDECLARED_SELECTOR = YES;
				GCC_WARN_UNINITIALIZED_AUTOS = YES_AGGRESSIVE;
				GCC_WARN_UNUSED_FUNCTION = YES;
				GCC_WARN_UNUSED_VARIABLE = YES;
				IPHONEOS_DEPLOYMENT_TARGET = 14.5;
				MTL_ENABLE_DEBUG_INFO = INCLUDE_SOURCE;
				MTL_FAST_MATH = YES;
				ONLY_ACTIVE_ARCH = YES;
				SDKROOT = iphoneos;
				SWIFT_ACTIVE_COMPILATION_CONDITIONS = DEBUG;
				SWIFT_OPTIMIZATION_LEVEL = "-Onone";
			};
			name = Debug;
		};
		8EB08B742670C6EB004372AC /* Release */ = {
			isa = XCBuildConfiguration;
			buildSettings = {
				ALWAYS_SEARCH_USER_PATHS = NO;
				CLANG_ANALYZER_NONNULL = YES;
				CLANG_ANALYZER_NUMBER_OBJECT_CONVERSION = YES_AGGRESSIVE;
				CLANG_CXX_LANGUAGE_STANDARD = "gnu++14";
				CLANG_CXX_LIBRARY = "libc++";
				CLANG_ENABLE_MODULES = YES;
				CLANG_ENABLE_OBJC_ARC = YES;
				CLANG_ENABLE_OBJC_WEAK = YES;
				CLANG_WARN_BLOCK_CAPTURE_AUTORELEASING = YES;
				CLANG_WARN_BOOL_CONVERSION = YES;
				CLANG_WARN_COMMA = YES;
				CLANG_WARN_CONSTANT_CONVERSION = YES;
				CLANG_WARN_DEPRECATED_OBJC_IMPLEMENTATIONS = YES;
				CLANG_WARN_DIRECT_OBJC_ISA_USAGE = YES_ERROR;
				CLANG_WARN_DOCUMENTATION_COMMENTS = YES;
				CLANG_WARN_EMPTY_BODY = YES;
				CLANG_WARN_ENUM_CONVERSION = YES;
				CLANG_WARN_INFINITE_RECURSION = YES;
				CLANG_WARN_INT_CONVERSION = YES;
				CLANG_WARN_NON_LITERAL_NULL_CONVERSION = YES;
				CLANG_WARN_OBJC_IMPLICIT_RETAIN_SELF = YES;
				CLANG_WARN_OBJC_LITERAL_CONVERSION = YES;
				CLANG_WARN_OBJC_ROOT_CLASS = YES_ERROR;
				CLANG_WARN_QUOTED_INCLUDE_IN_FRAMEWORK_HEADER = YES;
				CLANG_WARN_RANGE_LOOP_ANALYSIS = YES;
				CLANG_WARN_STRICT_PROTOTYPES = YES;
				CLANG_WARN_SUSPICIOUS_MOVE = YES;
				CLANG_WARN_UNGUARDED_AVAILABILITY = YES_AGGRESSIVE;
				CLANG_WARN_UNREACHABLE_CODE = YES;
				CLANG_WARN__DUPLICATE_METHOD_MATCH = YES;
				COPY_PHASE_STRIP = NO;
				DEBUG_INFORMATION_FORMAT = "dwarf-with-dsym";
				ENABLE_NS_ASSERTIONS = NO;
				ENABLE_STRICT_OBJC_MSGSEND = YES;
				GCC_C_LANGUAGE_STANDARD = gnu11;
				GCC_NO_COMMON_BLOCKS = YES;
				GCC_WARN_64_TO_32_BIT_CONVERSION = YES;
				GCC_WARN_ABOUT_RETURN_TYPE = YES_ERROR;
				GCC_WARN_UNDECLARED_SELECTOR = YES;
				GCC_WARN_UNINITIALIZED_AUTOS = YES_AGGRESSIVE;
				GCC_WARN_UNUSED_FUNCTION = YES;
				GCC_WARN_UNUSED_VARIABLE = YES;
				IPHONEOS_DEPLOYMENT_TARGET = 14.5;
				MTL_ENABLE_DEBUG_INFO = NO;
				MTL_FAST_MATH = YES;
				SDKROOT = iphoneos;
				SWIFT_COMPILATION_MODE = wholemodule;
				SWIFT_OPTIMIZATION_LEVEL = "-O";
				VALIDATE_PRODUCT = YES;
			};
			name = Release;
		};
		8EB08B762670C6EB004372AC /* Debug */ = {
			isa = XCBuildConfiguration;
			buildSettings = {
				ASSETCATALOG_COMPILER_APPICON_NAME = AppIcon;
				ASSETCATALOG_COMPILER_GLOBAL_ACCENT_COLOR_NAME = AccentColor;
				CODE_SIGN_STYLE = Automatic;
				DEVELOPMENT_TEAM = DFYL38U338;
				INFOPLIST_FILE = "summit-hikers/Info.plist";
				LD_RUNPATH_SEARCH_PATHS = (
					"$(inherited)",
					"@executable_path/Frameworks",
				);
				PRODUCT_BUNDLE_IDENTIFIER = "albertPersonalProject.summit-hikers";
				PRODUCT_NAME = "$(TARGET_NAME)";
				SWIFT_VERSION = 5.0;
				TARGETED_DEVICE_FAMILY = "1,2";
			};
			name = Debug;
		};
		8EB08B772670C6EB004372AC /* Release */ = {
			isa = XCBuildConfiguration;
			buildSettings = {
				ASSETCATALOG_COMPILER_APPICON_NAME = AppIcon;
				ASSETCATALOG_COMPILER_GLOBAL_ACCENT_COLOR_NAME = AccentColor;
				CODE_SIGN_STYLE = Automatic;
				DEVELOPMENT_TEAM = DFYL38U338;
				INFOPLIST_FILE = "summit-hikers/Info.plist";
				LD_RUNPATH_SEARCH_PATHS = (
					"$(inherited)",
					"@executable_path/Frameworks",
				);
				PRODUCT_BUNDLE_IDENTIFIER = "albertPersonalProject.summit-hikers";
				PRODUCT_NAME = "$(TARGET_NAME)";
				SWIFT_VERSION = 5.0;
				TARGETED_DEVICE_FAMILY = "1,2";
			};
			name = Release;
		};
/* End XCBuildConfiguration section */

/* Begin XCConfigurationList section */
		8EB08B592670C6E9004372AC /* Build configuration list for PBXProject "summit-hikers" */ = {
			isa = XCConfigurationList;
			buildConfigurations = (
				8EB08B732670C6EB004372AC /* Debug */,
				8EB08B742670C6EB004372AC /* Release */,
			);
			defaultConfigurationIsVisible = 0;
			defaultConfigurationName = Release;
		};
		8EB08B752670C6EB004372AC /* Build configuration list for PBXNativeTarget "summit-hikers" */ = {
			isa = XCConfigurationList;
			buildConfigurations = (
				8EB08B762670C6EB004372AC /* Debug */,
				8EB08B772670C6EB004372AC /* Release */,
			);
			defaultConfigurationIsVisible = 0;
			defaultConfigurationName = Release;
		};
/* End XCConfigurationList section */

/* Begin XCVersionGroup section */
		8EB08B6A2670C6E9004372AC /* summit_hikers.xcdatamodeld */ = {
			isa = XCVersionGroup;
			children = (
				8EB08B6B2670C6E9004372AC /* summit_hikers.xcdatamodel */,
			);
			currentVersion = 8EB08B6B2670C6E9004372AC /* summit_hikers.xcdatamodel */;
			path = summit_hikers.xcdatamodeld;
			sourceTree = "<group>";
			versionGroupType = wrapper.xcdatamodel;
		};
/* End XCVersionGroup section */
	};
	rootObject = 8EB08B562670C6E9004372AC /* Project object */;
}
